
Microsoft Visual Studio Solution File, Format Version 12.00
# Visual Studio Version 17
VisualStudioVersion = 17.2.32616.157
MinimumVisualStudioVersion = 10.0.40219.1
Project("{FAE04EC0-301F-11D3-BF4B-00C04F79EFBC}") = "transit-api", "transit-api\transit-api.csproj", "{5C7B8223-D3A4-4944-95B3-F6B6D7790902}"
EndProject
Global
	GlobalSection(SolutionConfigurationPlatforms) = preSolution
		Debug|Any CPU = Debug|Any CPU
		Release|Any CPU = Release|Any CPU
	EndGlobalSection
	GlobalSection(ProjectConfigurationPlatforms) = postSolution
		{5C7B8223-D3A4-4944-95B3-F6B6D7790902}.Debug|Any CPU.ActiveCfg = Debug|Any CPU
		{5C7B8223-D3A4-4944-95B3-F6B6D7790902}.Debug|Any CPU.Build.0 = Debug|Any CPU
		{5C7B8223-D3A4-4944-95B3-F6B6D7790902}.Release|Any CPU.ActiveCfg = Release|Any CPU
		{5C7B8223-D3A4-4944-95B3-F6B6D7790902}.Release|Any CPU.Build.0 = Release|Any CPU
	EndGlobalSection
	GlobalSection(SolutionProperties) = preSolution
		HideSolutionNode = FALSE
	EndGlobalSection
	GlobalSection(ExtensibilityGlobals) = postSolution
		SolutionGuid = {A29BA0EF-65D5-43A2-83FF-60ABAB5CBF36}
	EndGlobalSection
EndGlobal
